
Microsoft Visual Studio Solution File, Format Version 12.00
# Visual Studio Version 17
VisualStudioVersion = 17.7.34221.43
MinimumVisualStudioVersion = 10.0.40219.1
Project("{FAE04EC0-301F-11D3-BF4B-00C04F79EFBC}") = "Assign2_3.28DigitsofInt", "Assign2_3.28DigitsofInt.csproj", "{9FE218B4-CAFC-4E2E-B1DC-D14171285EBD}"
EndProject
Global
	GlobalSection(SolutionConfigurationPlatforms) = preSolution
		Debug|Any CPU = Debug|Any CPU
		Release|Any CPU = Release|Any CPU
	EndGlobalSection
	GlobalSection(ProjectConfigurationPlatforms) = postSolution
		{9FE218B4-CAFC-4E2E-B1DC-D14171285EBD}.Debug|Any CPU.ActiveCfg = Debug|Any CPU
		{9FE218B4-CAFC-4E2E-B1DC-D14171285EBD}.Debug|Any CPU.Build.0 = Debug|Any CPU
		{9FE218B4-CAFC-4E2E-B1DC-D14171285EBD}.Release|Any CPU.ActiveCfg = Release|Any CPU
		{9FE218B4-CAFC-4E2E-B1DC-D14171285EBD}.Release|Any CPU.Build.0 = Release|Any CPU
	EndGlobalSection
	GlobalSection(SolutionProperties) = preSolution
		HideSolutionNode = FALSE
	EndGlobalSection
	GlobalSection(ExtensibilityGlobals) = postSolution
		SolutionGuid = {8583BC78-FBE5-4E97-AE10-808D164352DD}
	EndGlobalSection
EndGlobal
